// !$*UTF8*$!
{
	archiveVersion = 1;
	classes = {
	};
	objectVersion = 77;
	objects = {

/* Begin PBXContainerItemProxy section */
		5979EF9D2F11B957005FE7F7 /* PBXContainerItemProxy */ = {
			isa = PBXContainerItemProxy;
			containerPortal = 5979EF852F11B955005FE7F7 /* Project object */;
			proxyType = 1;
			remoteGlobalIDString = 5979EF8C2F11B955005FE7F7;
			remoteInfo = RandDFit;
		};
		5979EFA72F11B957005FE7F7 /* PBXContainerItemProxy */ = {
			isa = PBXContainerItemProxy;
			containerPortal = 5979EF852F11B955005FE7F7 /* Project object */;
			proxyType = 1;
			remoteGlobalIDString = 5979EF8C2F11B955005FE7F7;
			remoteInfo = RandDFit;
		};
/* End PBXContainerItemProxy section */

/* Begin PBXBuildFile section */
		030CB753B353B5D1ED6A4440 /* DesignDetailView.swift in Sources */ = {isa = PBXBuildFile; fileRef = 789698827FF703DE522D7A06 /* DesignDetailView.swift */; };
		D5D9BF42745140862E826367 /* RandDFitApp.swift in Sources */ = {isa = PBXBuildFile; fileRef = 422D16329B411564A0D98F5F /* RandDFitApp.swift */; };
		0FF28F97A00EC661E500AB92 /* Gate2GoSettings.swift in Sources */ = {isa = PBXBuildFile; fileRef = 53F3AC6A6D31354160B5E14A /* Gate2GoSettings.swift */; };
		B69932D671AB57D16A3D19CC /* ProjectsListView.swift in Sources */ = {isa = PBXBuildFile; fileRef = 138B2CD6C7B97770518B6177 /* ProjectsListView.swift */; };
		EB57DBD42C39C2BE67291AA1 /* NewProjectView.swift in Sources */ = {isa = PBXBuildFile; fileRef = DBF5A4BBFC76D8AAC25752E2 /* NewProjectView.swift */; };
		30F685BF734387E22EFDD860 /* Gate2GoModels.swift in Sources */ = {isa = PBXBuildFile; fileRef = 656AC00EFAD61E16F0FD587F /* Gate2GoModels.swift */; };
		1A9DA52AE9E0E83D032DCCC0 /* FileStore.swift in Sources */ = {isa = PBXBuildFile; fileRef = 6EEB03A75D897FB01E0DFB43 /* FileStore.swift */; };
		CE0EC9D66DEF8F728CAE8CE1 /* Item.swift in Sources */ = {isa = PBXBuildFile; fileRef = 8681D0390A208B0E0F45E9B6 /* Item.swift */; };
		AB6524077668D485456514A5 /* PaywallView.swift in Sources */ = {isa = PBXBuildFile; fileRef = E6A069CFB63C48097A5EE16B /* PaywallView.swift */; };
		E32C0ED9E1B369A9E402028B /* ContentView.swift in Sources */ = {isa = PBXBuildFile; fileRef = 76CFB7A4725B25DD2A3212AB /* ContentView.swift */; };
		0063CC09DC7A2D0FA4286345 /* MoneyFormatting.swift in Sources */ = {isa = PBXBuildFile; fileRef = DB2227448DE600774E1E5D75 /* MoneyFormatting.swift */; };
		2331B344B724CF0BBE2BCD44 /* OnboardingView.swift in Sources */ = {isa = PBXBuildFile; fileRef = 42802E424B91D2159E7D0E9E /* OnboardingView.swift */; };
		0A957464960FBBB2465518E8 /* PricingCalculator.swift in Sources */ = {isa = PBXBuildFile; fileRef = 9C25FC310B6B5E1ED300E54D /* PricingCalculator.swift */; };
		1B5AAA1E4094FF30B443756C /* DesignGalleryView.swift in Sources */ = {isa = PBXBuildFile; fileRef = 25766664DDD2961A18B345BD /* DesignGalleryView.swift */; };
		B3DAFA83E9E07444406B455A /* SettingsView.swift in Sources */ = {isa = PBXBuildFile; fileRef = 43385F7EF618DED3CCC5DB65 /* SettingsView.swift */; };
		0895E46BF6633457694D527E /* VisualCard.swift in Sources */ = {isa = PBXBuildFile; fileRef = 611414FE654D092682FB1A31 /* VisualCard.swift */; };
		73FFEE7E4C3C3A23046D57F5 /* ProjectWorkspaceView.swift in Sources */ = {isa = PBXBuildFile; fileRef = 461C1DECA1B0F4C774508BBA /* ProjectWorkspaceView.swift */; };
		43B23BD83010B4BC9D09D7C3 /* Assets.xcassets in Resources */ = {isa = PBXBuildFile; fileRef = A9DF0EE33A9C7A418047B20B /* Assets.xcassets */; };
		0175D8D1A96D3F3987E64116 /* RandDFitTests.swift in Sources */ = {isa = PBXBuildFile; fileRef = B6FAA2FD71A01B295340CB61 /* RandDFitTests.swift */; };
		39A6FE012E54802085D3A790 /* RandDFitUITests.swift in Sources */ = {isa = PBXBuildFile; fileRef = A6BDBD79ADCFF22EC4408801 /* RandDFitUITests.swift */; };
		0163DE5E01C84BF107BD65A2 /* RandDFitUITestsLaunchTests.swift in Sources */ = {isa = PBXBuildFile; fileRef = A991C9BD06CA0B2CFCFDA98B /* RandDFitUITestsLaunchTests.swift */; };
/* End PBXBuildFile section */

/* Begin PBXFileReference section */
		5979EF8D2F11B955005FE7F7 /* RandDFit.app */ = {isa = PBXFileReference; explicitFileType = wrapper.application; includeInIndex = 0; path = RandDFit.app; sourceTree = BUILT_PRODUCTS_DIR; };
		5979EF9C2F11B957005FE7F7 /* RandDFitTests.xctest */ = {isa = PBXFileReference; explicitFileType = wrapper.cfbundle; includeInIndex = 0; path = RandDFitTests.xctest; sourceTree = BUILT_PRODUCTS_DIR; };
		5979EFA62F11B957005FE7F7 /* RandDFitUITests.xctest */ = {isa = PBXFileReference; explicitFileType = wrapper.cfbundle; includeInIndex = 0; path = RandDFitUITests.xctest; sourceTree = BUILT_PRODUCTS_DIR; };
		789698827FF703DE522D7A06 /* DesignDetailView.swift */ = {isa = PBXFileReference; lastKnownFileType = sourcecode.swift; path = RandDFit/DesignDetailView.swift; sourceTree = "<group>"; };
		422D16329B411564A0D98F5F /* RandDFitApp.swift */ = {isa = PBXFileReference; lastKnownFileType = sourcecode.swift; path = RandDFit/RandDFitApp.swift; sourceTree = "<group>"; };
		53F3AC6A6D31354160B5E14A /* Gate2GoSettings.swift */ = {isa = PBXFileReference; lastKnownFileType = sourcecode.swift; path = RandDFit/Gate2GoSettings.swift; sourceTree = "<group>"; };
		138B2CD6C7B97770518B6177 /* ProjectsListView.swift */ = {isa = PBXFileReference; lastKnownFileType = sourcecode.swift; path = RandDFit/ProjectsListView.swift; sourceTree = "<group>"; };
		DBF5A4BBFC76D8AAC25752E2 /* NewProjectView.swift */ = {isa = PBXFileReference; lastKnownFileType = sourcecode.swift; path = RandDFit/NewProjectView.swift; sourceTree = "<group>"; };
		656AC00EFAD61E16F0FD587F /* Gate2GoModels.swift */ = {isa = PBXFileReference; lastKnownFileType = sourcecode.swift; path = RandDFit/Gate2GoModels.swift; sourceTree = "<group>"; };
		6EEB03A75D897FB01E0DFB43 /* FileStore.swift */ = {isa = PBXFileReference; lastKnownFileType = sourcecode.swift; path = RandDFit/FileStore.swift; sourceTree = "<group>"; };
		8681D0390A208B0E0F45E9B6 /* Item.swift */ = {isa = PBXFileReference; lastKnownFileType = sourcecode.swift; path = RandDFit/Item.swift; sourceTree = "<group>"; };
		E6A069CFB63C48097A5EE16B /* PaywallView.swift */ = {isa = PBXFileReference; lastKnownFileType = sourcecode.swift; path = RandDFit/PaywallView.swift; sourceTree = "<group>"; };
		76CFB7A4725B25DD2A3212AB /* ContentView.swift */ = {isa = PBXFileReference; lastKnownFileType = sourcecode.swift; path = RandDFit/ContentView.swift; sourceTree = "<group>"; };
		DB2227448DE600774E1E5D75 /* MoneyFormatting.swift */ = {isa = PBXFileReference; lastKnownFileType = sourcecode.swift; path = RandDFit/MoneyFormatting.swift; sourceTree = "<group>"; };
		42802E424B91D2159E7D0E9E /* OnboardingView.swift */ = {isa = PBXFileReference; lastKnownFileType = sourcecode.swift; path = RandDFit/OnboardingView.swift; sourceTree = "<group>"; };
		9C25FC310B6B5E1ED300E54D /* PricingCalculator.swift */ = {isa = PBXFileReference; lastKnownFileType = sourcecode.swift; path = RandDFit/PricingCalculator.swift; sourceTree = "<group>"; };
		25766664DDD2961A18B345BD /* DesignGalleryView.swift */ = {isa = PBXFileReference; lastKnownFileType = sourcecode.swift; path = RandDFit/DesignGalleryView.swift; sourceTree = "<group>"; };
		43385F7EF618DED3CCC5DB65 /* SettingsView.swift */ = {isa = PBXFileReference; lastKnownFileType = sourcecode.swift; path = RandDFit/SettingsView.swift; sourceTree = "<group>"; };
		611414FE654D092682FB1A31 /* VisualCard.swift */ = {isa = PBXFileReference; lastKnownFileType = sourcecode.swift; path = RandDFit/VisualCard.swift; sourceTree = "<group>"; };
		461C1DECA1B0F4C774508BBA /* ProjectWorkspaceView.swift */ = {isa = PBXFileReference; lastKnownFileType = sourcecode.swift; path = RandDFit/ProjectWorkspaceView.swift; sourceTree = "<group>"; };
		A9DF0EE33A9C7A418047B20B /* Assets.xcassets */ = {isa = PBXFileReference; lastKnownFileType = folder.assetcatalog; path = RandDFit/Assets.xcassets; sourceTree = "<group>"; };
		B6FAA2FD71A01B295340CB61 /* RandDFitTests.swift */ = {isa = PBXFileReference; lastKnownFileType = sourcecode.swift; path = RandDFitTests/RandDFitTests.swift; sourceTree = "<group>"; };
		A6BDBD79ADCFF22EC4408801 /* RandDFitUITests.swift */ = {isa = PBXFileReference; lastKnownFileType = sourcecode.swift; path = RandDFitUITests/RandDFitUITests.swift; sourceTree = "<group>"; };
		A991C9BD06CA0B2CFCFDA98B /* RandDFitUITestsLaunchTests.swift */ = {isa = PBXFileReference; lastKnownFileType = sourcecode.swift; path = RandDFitUITests/RandDFitUITestsLaunchTests.swift; sourceTree = "<group>"; };
/* End PBXFileReference section */

/* Begin PBXFileSystemSynchronizedRootGroup section */
		5979EF8F2F11B955005FE7F7 /* RandDFit */ = {
			isa = PBXFileSystemSynchronizedRootGroup;
			path = RandDFit;
			sourceTree = "<group>";
		};
		5979EF9F2F11B957005FE7F7 /* RandDFitTests */ = {
			isa = PBXFileSystemSynchronizedRootGroup;
			path = RandDFitTests;
			sourceTree = "<group>";
		};
		5979EFA92F11B957005FE7F7 /* RandDFitUITests */ = {
			isa = PBXFileSystemSynchronizedRootGroup;
			path = RandDFitUITests;
			sourceTree = "<group>";
		};
/* End PBXFileSystemSynchronizedRootGroup section */

/* Begin PBXFrameworksBuildPhase section */
		5979EF8A2F11B955005FE7F7 /* Frameworks */ = {
			isa = PBXFrameworksBuildPhase;
			buildActionMask = 2147483647;
			files = (
			);
			runOnlyForDeploymentPostprocessing = 0;
		};
		5979EF992F11B957005FE7F7 /* Frameworks */ = {
			isa = PBXFrameworksBuildPhase;
			buildActionMask = 2147483647;
			files = (
			);
			runOnlyForDeploymentPostprocessing = 0;
		};
		5979EFA32F11B957005FE7F7 /* Frameworks */ = {
			isa = PBXFrameworksBuildPhase;
			buildActionMask = 2147483647;
			files = (
			);
			runOnlyForDeploymentPostprocessing = 0;
		};
/* End PBXFrameworksBuildPhase section */

/* Begin PBXGroup section */
		5979EF842F11B955005FE7F7 = {
			isa = PBXGroup;
			children = (
				5979EF8F2F11B955005FE7F7 /* RandDFit */,
				5979EF9F2F11B957005FE7F7 /* RandDFitTests */,
				5979EFA92F11B957005FE7F7 /* RandDFitUITests */,
				5979EF8E2F11B955005FE7F7 /* Products */,
			);
			sourceTree = "<group>";
		};
		5979EF8E2F11B955005FE7F7 /* Products */ = {
			isa = PBXGroup;
			children = (
				5979EF8D2F11B955005FE7F7 /* RandDFit.app */,
				5979EF9C2F11B957005FE7F7 /* RandDFitTests.xctest */,
				5979EFA62F11B957005FE7F7 /* RandDFitUITests.xctest */,
			);
			name = Products;
			sourceTree = "<group>";
		};
/* End PBXGroup section */

/* Begin PBXNativeTarget section */
		5979EF8C2F11B955005FE7F7 /* RandDFit */ = {
			isa = PBXNativeTarget;
			buildConfigurationList = 5979EFB02F11B957005FE7F7 /* Build configuration list for PBXNativeTarget "RandDFit" */;
			buildPhases = (
				5979EF892F11B955005FE7F7 /* Sources */,
				5979EF8A2F11B955005FE7F7 /* Frameworks */,
				5979EF8B2F11B955005FE7F7 /* Resources */,
			);
			buildRules = (
			);
			dependencies = (
			);
			fileSystemSynchronizedGroups = (
				5979EF8F2F11B955005FE7F7 /* RandDFit */,
			);
			name = RandDFit;
			packageProductDependencies = (
			);
			productName = RandDFit;
			productReference = 5979EF8D2F11B955005FE7F7 /* RandDFit.app */;
			productType = "com.apple.product-type.application";
		};
		5979EF9B2F11B957005FE7F7 /* RandDFitTests */ = {
			isa = PBXNativeTarget;
			buildConfigurationList = 5979EFB32F11B957005FE7F7 /* Build configuration list for PBXNativeTarget "RandDFitTests" */;
			buildPhases = (
				5979EF982F11B957005FE7F7 /* Sources */,
				5979EF992F11B957005FE7F7 /* Frameworks */,
				5979EF9A2F11B957005FE7F7 /* Resources */,
			);
			buildRules = (
			);
			dependencies = (
				5979EF9E2F11B957005FE7F7 /* PBXTargetDependency */,
			);
			fileSystemSynchronizedGroups = (
				5979EF9F2F11B957005FE7F7 /* RandDFitTests */,
			);
			name = RandDFitTests;
			packageProductDependencies = (
			);
			productName = RandDFitTests;
			productReference = 5979EF9C2F11B957005FE7F7 /* RandDFitTests.xctest */;
			productType = "com.apple.product-type.bundle.unit-test";
		};
		5979EFA52F11B957005FE7F7 /* RandDFitUITests */ = {
			isa = PBXNativeTarget;
			buildConfigurationList = 5979EFB62F11B957005FE7F7 /* Build configuration list for PBXNativeTarget "RandDFitUITests" */;
			buildPhases = (
				5979EFA22F11B957005FE7F7 /* Sources */,
				5979EFA32F11B957005FE7F7 /* Frameworks */,
				5979EFA42F11B957005FE7F7 /* Resources */,
			);
			buildRules = (
			);
			dependencies = (
				5979EFA82F11B957005FE7F7 /* PBXTargetDependency */,
			);
			fileSystemSynchronizedGroups = (
				5979EFA92F11B957005FE7F7 /* RandDFitUITests */,
			);
			name = RandDFitUITests;
			packageProductDependencies = (
			);
			productName = RandDFitUITests;
			productReference = 5979EFA62F11B957005FE7F7 /* RandDFitUITests.xctest */;
			productType = "com.apple.product-type.bundle.ui-testing";
		};
/* End PBXNativeTarget section */

/* Begin PBXProject section */
		5979EF852F11B955005FE7F7 /* Project object */ = {
			isa = PBXProject;
			attributes = {
				BuildIndependentTargetsInParallel = 1;
				LastSwiftUpdateCheck = 2620;
				LastUpgradeCheck = 2620;
				TargetAttributes = {
					5979EF8C2F11B955005FE7F7 = {
						CreatedOnToolsVersion = 26.2;
					};
					5979EF9B2F11B957005FE7F7 = {
						CreatedOnToolsVersion = 26.2;
						TestTargetID = 5979EF8C2F11B955005FE7F7;
					};
					5979EFA52F11B957005FE7F7 = {
						CreatedOnToolsVersion = 26.2;
						TestTargetID = 5979EF8C2F11B955005FE7F7;
					};
				};
			};
			buildConfigurationList = 5979EF882F11B955005FE7F7 /* Build configuration list for PBXProject "RandDFit" */;
			developmentRegion = en;
			hasScannedForEncodings = 0;
			knownRegions = (
				en,
				Base,
			);
			mainGroup = 5979EF842F11B955005FE7F7;
			minimizedProjectReferenceProxies = 1;
			preferredProjectObjectVersion = 77;
			productRefGroup = 5979EF8E2F11B955005FE7F7 /* Products */;
			projectDirPath = "";
			projectRoot = "";
			targets = (
				5979EF8C2F11B955005FE7F7 /* RandDFit */,
				5979EF9B2F11B957005FE7F7 /* RandDFitTests */,
				5979EFA52F11B957005FE7F7 /* RandDFitUITests */,
			);
		};
/* End PBXProject section */

/* Begin PBXResourcesBuildPhase section */
		5979EF8B2F11B955005FE7F7 /* Resources */ = {
			isa = PBXResourcesBuildPhase;
			buildActionMask = 2147483647;
			files = (
				43B23BD83010B4BC9D09D7C3 /* Assets.xcassets in Resources */,
			);
			runOnlyForDeploymentPostprocessing = 0;
		};
		5979EF9A2F11B957005FE7F7 /* Resources */ = {
			isa = PBXResourcesBuildPhase;
			buildActionMask = 2147483647;
			files = (
			);
			runOnlyForDeploymentPostprocessing = 0;
		};
		5979EFA42F11B957005FE7F7 /* Resources */ = {
			isa = PBXResourcesBuildPhase;
			buildActionMask = 2147483647;
			files = (
			);
			runOnlyForDeploymentPostprocessing = 0;
		};
/* End PBXResourcesBuildPhase section */

/* Begin PBXSourcesBuildPhase section */
		5979EF892F11B955005FE7F7 /* Sources */ = {
			isa = PBXSourcesBuildPhase;
			buildActionMask = 2147483647;
			files = (
				E32C0ED9E1B369A9E402028B /* ContentView.swift in Sources */,
				1B5AAA1E4094FF30B443756C /* DesignGalleryView.swift in Sources */,
				030CB753B353B5D1ED6A4440 /* DesignDetailView.swift in Sources */,
				1A9DA52AE9E0E83D032DCCC0 /* FileStore.swift in Sources */,
				30F685BF734387E22EFDD860 /* Gate2GoModels.swift in Sources */,
				0FF28F97A00EC661E500AB92 /* Gate2GoSettings.swift in Sources */,
				CE0EC9D66DEF8F728CAE8CE1 /* Item.swift in Sources */,
				0063CC09DC7A2D0FA4286345 /* MoneyFormatting.swift in Sources */,
				EB57DBD42C39C2BE67291AA1 /* NewProjectView.swift in Sources */,
				2331B344B724CF0BBE2BCD44 /* OnboardingView.swift in Sources */,
				AB6524077668D485456514A5 /* PaywallView.swift in Sources */,
				0A957464960FBBB2465518E8 /* PricingCalculator.swift in Sources */,
				B69932D671AB57D16A3D19CC /* ProjectsListView.swift in Sources */,
				73FFEE7E4C3C3A23046D57F5 /* ProjectWorkspaceView.swift in Sources */,
				D5D9BF42745140862E826367 /* RandDFitApp.swift in Sources */,
				B3DAFA83E9E07444406B455A /* SettingsView.swift in Sources */,
				0895E46BF6633457694D527E /* VisualCard.swift in Sources */,
			);
			runOnlyForDeploymentPostprocessing = 0;
		};
		5979EF982F11B957005FE7F7 /* Sources */ = {
			isa = PBXSourcesBuildPhase;
			buildActionMask = 2147483647;
			files = (
				0175D8D1A96D3F3987E64116 /* RandDFitTests.swift in Sources */,
			);
			runOnlyForDeploymentPostprocessing = 0;
		};
		5979EFA22F11B957005FE7F7 /* Sources */ = {
			isa = PBXSourcesBuildPhase;
			buildActionMask = 2147483647;
			files = (
				39A6FE012E54802085D3A790 /* RandDFitUITests.swift in Sources */,
				0163DE5E01C84BF107BD65A2 /* RandDFitUITestsLaunchTests.swift in Sources */,
			);
			runOnlyForDeploymentPostprocessing = 0;
		};
/* End PBXSourcesBuildPhase section */

/* Begin PBXTargetDependency section */
		5979EF9E2F11B957005FE7F7 /* PBXTargetDependency */ = {
			isa = PBXTargetDependency;
			target = 5979EF8C2F11B955005FE7F7 /* RandDFit */;
			targetProxy = 5979EF9D2F11B957005FE7F7 /* PBXContainerItemProxy */;
		};
		5979EFA82F11B957005FE7F7 /* PBXTargetDependency */ = {
			isa = PBXTargetDependency;
			target = 5979EF8C2F11B955005FE7F7 /* RandDFit */;
			targetProxy = 5979EFA72F11B957005FE7F7 /* PBXContainerItemProxy */;
		};
/* End PBXTargetDependency section */

/* Begin XCBuildConfiguration section */
		5979EFAE2F11B957005FE7F7 /* Debug */ = {
			isa = XCBuildConfiguration;
			buildSettings = {
				ALWAYS_SEARCH_USER_PATHS = NO;
				ASSETCATALOG_COMPILER_GENERATE_SWIFT_ASSET_SYMBOL_EXTENSIONS = YES;
				CLANG_ANALYZER_NONNULL = YES;
				CLANG_ANALYZER_NUMBER_OBJECT_CONVERSION = YES_AGGRESSIVE;
				CLANG_CXX_LANGUAGE_STANDARD = "gnu++20";
				CLANG_ENABLE_MODULES = YES;
				CLANG_ENABLE_OBJC_ARC = YES;
				CLANG_ENABLE_OBJC_WEAK = YES;
				CLANG_WARN_BLOCK_CAPTURE_AUTORELEASING = YES;
				CLANG_WARN_BOOL_CONVERSION = YES;
				CLANG_WARN_COMMA = YES;
				CLANG_WARN_CONSTANT_CONVERSION = YES;
				CLANG_WARN_DEPRECATED_OBJC_IMPLEMENTATIONS = YES;
				CLANG_WARN_DIRECT_OBJC_ISA_USAGE = YES_ERROR;
				CLANG_WARN_DOCUMENTATION_COMMENTS = YES;
				CLANG_WARN_EMPTY_BODY = YES;
				CLANG_WARN_ENUM_CONVERSION = YES;
				CLANG_WARN_INFINITE_RECURSION = YES;
				CLANG_WARN_INT_CONVERSION = YES;
				CLANG_WARN_NON_LITERAL_NULL_CONVERSION = YES;
				CLANG_WARN_OBJC_IMPLICIT_RETAIN_SELF = YES;
				CLANG_WARN_OBJC_LITERAL_CONVERSION = YES;
				CLANG_WARN_OBJC_ROOT_CLASS = YES_ERROR;
				CLANG_WARN_QUOTED_INCLUDE_IN_FRAMEWORK_HEADER = YES;
				CLANG_WARN_RANGE_LOOP_ANALYSIS = YES;
				CLANG_WARN_STRICT_PROTOTYPES = YES;
				CLANG_WARN_SUSPICIOUS_MOVE = YES;
				CLANG_WARN_UNGUARDED_AVAILABILITY = YES_AGGRESSIVE;
				CLANG_WARN_UNREACHABLE_CODE = YES;
				CLANG_WARN__DUPLICATE_METHOD_MATCH = YES;
				COPY_PHASE_STRIP = NO;
				DEBUG_INFORMATION_FORMAT = dwarf;
				DEVELOPMENT_TEAM = 27V86YPW29;
				ENABLE_STRICT_OBJC_MSGSEND = YES;
				ENABLE_TESTABILITY = YES;
				ENABLE_USER_SCRIPT_SANDBOXING = YES;
				GCC_C_LANGUAGE_STANDARD = gnu17;
				GCC_DYNAMIC_NO_PIC = NO;
				GCC_NO_COMMON_BLOCKS = YES;
				GCC_OPTIMIZATION_LEVEL = 0;
				GCC_PREPROCESSOR_DEFINITIONS = (
					"DEBUG=1",
					"$(inherited)",
				);
				GCC_WARN_64_TO_32_BIT_CONVERSION = YES;
				GCC_WARN_ABOUT_RETURN_TYPE = YES_ERROR;
				GCC_WARN_UNDECLARED_SELECTOR = YES;
				GCC_WARN_UNINITIALIZED_AUTOS = YES_AGGRESSIVE;
				GCC_WARN_UNUSED_FUNCTION = YES;
				GCC_WARN_UNUSED_VARIABLE = YES;
				IPHONEOS_DEPLOYMENT_TARGET = 26.2;
				LOCALIZATION_PREFERS_STRING_CATALOGS = YES;
				MTL_ENABLE_DEBUG_INFO = INCLUDE_SOURCE;
				MTL_FAST_MATH = YES;
				ONLY_ACTIVE_ARCH = YES;
				SDKROOT = iphoneos;
				SWIFT_ACTIVE_COMPILATION_CONDITIONS = "DEBUG $(inherited)";
				SWIFT_OPTIMIZATION_LEVEL = "-Onone";
			};
			name = Debug;
		};
		5979EFAF2F11B957005FE7F7 /* Release */ = {
			isa = XCBuildConfiguration;
			buildSettings = {
				ALWAYS_SEARCH_USER_PATHS = NO;
				ASSETCATALOG_COMPILER_GENERATE_SWIFT_ASSET_SYMBOL_EXTENSIONS = YES;
				CLANG_ANALYZER_NONNULL = YES;
				CLANG_ANALYZER_NUMBER_OBJECT_CONVERSION = YES_AGGRESSIVE;
				CLANG_CXX_LANGUAGE_STANDARD = "gnu++20";
				CLANG_ENABLE_MODULES = YES;
				CLANG_ENABLE_OBJC_ARC = YES;
				CLANG_ENABLE_OBJC_WEAK = YES;
				CLANG_WARN_BLOCK_CAPTURE_AUTORELEASING = YES;
				CLANG_WARN_BOOL_CONVERSION = YES;
				CLANG_WARN_COMMA = YES;
				CLANG_WARN_CONSTANT_CONVERSION = YES;
				CLANG_WARN_DEPRECATED_OBJC_IMPLEMENTATIONS = YES;
				CLANG_WARN_DIRECT_OBJC_ISA_USAGE = YES_ERROR;
				CLANG_WARN_DOCUMENTATION_COMMENTS = YES;
				CLANG_WARN_EMPTY_BODY = YES;
				CLANG_WARN_ENUM_CONVERSION = YES;
				CLANG_WARN_INFINITE_RECURSION = YES;
				CLANG_WARN_INT_CONVERSION = YES;
				CLANG_WARN_NON_LITERAL_NULL_CONVERSION = YES;
				CLANG_WARN_OBJC_IMPLICIT_RETAIN_SELF = YES;
				CLANG_WARN_OBJC_LITERAL_CONVERSION = YES;
				CLANG_WARN_OBJC_ROOT_CLASS = YES_ERROR;
				CLANG_WARN_QUOTED_INCLUDE_IN_FRAMEWORK_HEADER = YES;
				CLANG_WARN_RANGE_LOOP_ANALYSIS = YES;
				CLANG_WARN_STRICT_PROTOTYPES = YES;
				CLANG_WARN_SUSPICIOUS_MOVE = YES;
				CLANG_WARN_UNGUARDED_AVAILABILITY = YES_AGGRESSIVE;
				CLANG_WARN_UNREACHABLE_CODE = YES;
				CLANG_WARN__DUPLICATE_METHOD_MATCH = YES;
				COPY_PHASE_STRIP = NO;
				DEBUG_INFORMATION_FORMAT = "dwarf-with-dsym";
				DEVELOPMENT_TEAM = 27V86YPW29;
				ENABLE_NS_ASSERTIONS = NO;
				ENABLE_STRICT_OBJC_MSGSEND = YES;
				ENABLE_USER_SCRIPT_SANDBOXING = YES;
				GCC_C_LANGUAGE_STANDARD = gnu17;
				GCC_NO_COMMON_BLOCKS = YES;
				GCC_WARN_64_TO_32_BIT_CONVERSION = YES;
				GCC_WARN_ABOUT_RETURN_TYPE = YES_ERROR;
				GCC_WARN_UNDECLARED_SELECTOR = YES;
				GCC_WARN_UNINITIALIZED_AUTOS = YES_AGGRESSIVE;
				GCC_WARN_UNUSED_FUNCTION = YES;
				GCC_WARN_UNUSED_VARIABLE = YES;
				IPHONEOS_DEPLOYMENT_TARGET = 26.2;
				LOCALIZATION_PREFERS_STRING_CATALOGS = YES;
				MTL_ENABLE_DEBUG_INFO = NO;
				MTL_FAST_MATH = YES;
				SDKROOT = iphoneos;
				SWIFT_COMPILATION_MODE = wholemodule;
				VALIDATE_PRODUCT = YES;
			};
			name = Release;
		};
		5979EFB12F11B957005FE7F7 /* Debug */ = {
			isa = XCBuildConfiguration;
			buildSettings = {
				ASSETCATALOG_COMPILER_APPICON_NAME = AppIcon;
				ASSETCATALOG_COMPILER_GLOBAL_ACCENT_COLOR_NAME = AccentColor;
				CODE_SIGN_STYLE = Automatic;
				CURRENT_PROJECT_VERSION = 1;
				DEVELOPMENT_TEAM = 27V86YPW29;
				ENABLE_PREVIEWS = YES;
				GENERATE_INFOPLIST_FILE = YES;
				INFOPLIST_KEY_UIApplicationSceneManifest_Generation = YES;
				INFOPLIST_KEY_UIApplicationSupportsIndirectInputEvents = YES;
				INFOPLIST_KEY_UILaunchScreen_Generation = YES;
				INFOPLIST_KEY_UISupportedInterfaceOrientations_iPad = "UIInterfaceOrientationPortrait UIInterfaceOrientationPortraitUpsideDown UIInterfaceOrientationLandscapeLeft UIInterfaceOrientationLandscapeRight";
				INFOPLIST_KEY_UISupportedInterfaceOrientations_iPhone = "UIInterfaceOrientationPortrait UIInterfaceOrientationLandscapeLeft UIInterfaceOrientationLandscapeRight";
				LD_RUNPATH_SEARCH_PATHS = (
					"$(inherited)",
					"@executable_path/Frameworks",
				);
				MARKETING_VERSION = 1.0;
				PRODUCT_BUNDLE_IDENTIFIER = auto.RandDFit;
				PRODUCT_NAME = "$(TARGET_NAME)";
				STRING_CATALOG_GENERATE_SYMBOLS = YES;
				SWIFT_APPROACHABLE_CONCURRENCY = YES;
				SWIFT_DEFAULT_ACTOR_ISOLATION = MainActor;
				SWIFT_EMIT_LOC_STRINGS = YES;
				SWIFT_UPCOMING_FEATURE_MEMBER_IMPORT_VISIBILITY = YES;
				SWIFT_VERSION = 5.0;
				TARGETED_DEVICE_FAMILY = "1,2";
			};
			name = Debug;
		};
		5979EFB22F11B957005FE7F7 /* Release */ = {
			isa = XCBuildConfiguration;
			buildSettings = {
				ASSETCATALOG_COMPILER_APPICON_NAME = AppIcon;
				ASSETCATALOG_COMPILER_GLOBAL_ACCENT_COLOR_NAME = AccentColor;
				CODE_SIGN_STYLE = Automatic;
				CURRENT_PROJECT_VERSION = 1;
				DEVELOPMENT_TEAM = 27V86YPW29;
				ENABLE_PREVIEWS = YES;
				GENERATE_INFOPLIST_FILE = YES;
				INFOPLIST_KEY_UIApplicationSceneManifest_Generation = YES;
				INFOPLIST_KEY_UIApplicationSupportsIndirectInputEvents = YES;
				INFOPLIST_KEY_UILaunchScreen_Generation = YES;
				INFOPLIST_KEY_UISupportedInterfaceOrientations_iPad = "UIInterfaceOrientationPortrait UIInterfaceOrientationPortraitUpsideDown UIInterfaceOrientationLandscapeLeft UIInterfaceOrientationLandscapeRight";
				INFOPLIST_KEY_UISupportedInterfaceOrientations_iPhone = "UIInterfaceOrientationPortrait UIInterfaceOrientationLandscapeLeft UIInterfaceOrientationLandscapeRight";
				LD_RUNPATH_SEARCH_PATHS = (
					"$(inherited)",
					"@executable_path/Frameworks",
				);
				MARKETING_VERSION = 1.0;
				PRODUCT_BUNDLE_IDENTIFIER = auto.RandDFit;
				PRODUCT_NAME = "$(TARGET_NAME)";
				STRING_CATALOG_GENERATE_SYMBOLS = YES;
				SWIFT_APPROACHABLE_CONCURRENCY = YES;
				SWIFT_DEFAULT_ACTOR_ISOLATION = MainActor;
				SWIFT_EMIT_LOC_STRINGS = YES;
				SWIFT_UPCOMING_FEATURE_MEMBER_IMPORT_VISIBILITY = YES;
				SWIFT_VERSION = 5.0;
				TARGETED_DEVICE_FAMILY = "1,2";
			};
			name = Release;
		};
		5979EFB42F11B957005FE7F7 /* Debug */ = {
			isa = XCBuildConfiguration;
			buildSettings = {
				BUNDLE_LOADER = "$(TEST_HOST)";
				CODE_SIGN_STYLE = Automatic;
				CURRENT_PROJECT_VERSION = 1;
				DEVELOPMENT_TEAM = 27V86YPW29;
				GENERATE_INFOPLIST_FILE = YES;
				IPHONEOS_DEPLOYMENT_TARGET = 26.2;
				MARKETING_VERSION = 1.0;
				PRODUCT_BUNDLE_IDENTIFIER = auto.RandDFitTests;
				PRODUCT_NAME = "$(TARGET_NAME)";
				STRING_CATALOG_GENERATE_SYMBOLS = NO;
				SWIFT_APPROACHABLE_CONCURRENCY = YES;
				SWIFT_EMIT_LOC_STRINGS = NO;
				SWIFT_UPCOMING_FEATURE_MEMBER_IMPORT_VISIBILITY = YES;
				SWIFT_VERSION = 5.0;
				TARGETED_DEVICE_FAMILY = "1,2";
				TEST_HOST = "$(BUILT_PRODUCTS_DIR)/RandDFit.app/$(BUNDLE_EXECUTABLE_FOLDER_PATH)/RandDFit";
			};
			name = Debug;
		};
		5979EFB52F11B957005FE7F7 /* Release */ = {
			isa = XCBuildConfiguration;
			buildSettings = {
				BUNDLE_LOADER = "$(TEST_HOST)";
				CODE_SIGN_STYLE = Automatic;
				CURRENT_PROJECT_VERSION = 1;
				DEVELOPMENT_TEAM = 27V86YPW29;
				GENERATE_INFOPLIST_FILE = YES;
				IPHONEOS_DEPLOYMENT_TARGET = 26.2;
				MARKETING_VERSION = 1.0;
				PRODUCT_BUNDLE_IDENTIFIER = auto.RandDFitTests;
				PRODUCT_NAME = "$(TARGET_NAME)";
				STRING_CATALOG_GENERATE_SYMBOLS = NO;
				SWIFT_APPROACHABLE_CONCURRENCY = YES;
				SWIFT_EMIT_LOC_STRINGS = NO;
				SWIFT_UPCOMING_FEATURE_MEMBER_IMPORT_VISIBILITY = YES;
				SWIFT_VERSION = 5.0;
				TARGETED_DEVICE_FAMILY = "1,2";
				TEST_HOST = "$(BUILT_PRODUCTS_DIR)/RandDFit.app/$(BUNDLE_EXECUTABLE_FOLDER_PATH)/RandDFit";
			};
			name = Release;
		};
		5979EFB72F11B957005FE7F7 /* Debug */ = {
			isa = XCBuildConfiguration;
			buildSettings = {
				CODE_SIGN_STYLE = Automatic;
				CURRENT_PROJECT_VERSION = 1;
				DEVELOPMENT_TEAM = 27V86YPW29;
				GENERATE_INFOPLIST_FILE = YES;
				MARKETING_VERSION = 1.0;
				PRODUCT_BUNDLE_IDENTIFIER = auto.RandDFitUITests;
				PRODUCT_NAME = "$(TARGET_NAME)";
				STRING_CATALOG_GENERATE_SYMBOLS = NO;
				SWIFT_APPROACHABLE_CONCURRENCY = YES;
				SWIFT_EMIT_LOC_STRINGS = NO;
				SWIFT_UPCOMING_FEATURE_MEMBER_IMPORT_VISIBILITY = YES;
				SWIFT_VERSION = 5.0;
				TARGETED_DEVICE_FAMILY = "1,2";
				TEST_TARGET_NAME = RandDFit;
			};
			name = Debug;
		};
		5979EFB82F11B957005FE7F7 /* Release */ = {
			isa = XCBuildConfiguration;
			buildSettings = {
				CODE_SIGN_STYLE = Automatic;
				CURRENT_PROJECT_VERSION = 1;
				DEVELOPMENT_TEAM = 27V86YPW29;
				GENERATE_INFOPLIST_FILE = YES;
				MARKETING_VERSION = 1.0;
				PRODUCT_BUNDLE_IDENTIFIER = auto.RandDFitUITests;
				PRODUCT_NAME = "$(TARGET_NAME)";
				STRING_CATALOG_GENERATE_SYMBOLS = NO;
				SWIFT_APPROACHABLE_CONCURRENCY = YES;
				SWIFT_EMIT_LOC_STRINGS = NO;
				SWIFT_UPCOMING_FEATURE_MEMBER_IMPORT_VISIBILITY = YES;
				SWIFT_VERSION = 5.0;
				TARGETED_DEVICE_FAMILY = "1,2";
				TEST_TARGET_NAME = RandDFit;
			};
			name = Release;
		};
/* End XCBuildConfiguration section */

/* Begin XCConfigurationList section */
		5979EF882F11B955005FE7F7 /* Build configuration list for PBXProject "RandDFit" */ = {
			isa = XCConfigurationList;
			buildConfigurations = (
				5979EFAE2F11B957005FE7F7 /* Debug */,
				5979EFAF2F11B957005FE7F7 /* Release */,
			);
			defaultConfigurationIsVisible = 0;
			defaultConfigurationName = Release;
		};
		5979EFB02F11B957005FE7F7 /* Build configuration list for PBXNativeTarget "RandDFit" */ = {
			isa = XCConfigurationList;
			buildConfigurations = (
				5979EFB12F11B957005FE7F7 /* Debug */,
				5979EFB22F11B957005FE7F7 /* Release */,
			);
			defaultConfigurationIsVisible = 0;
			defaultConfigurationName = Release;
		};
		5979EFB32F11B957005FE7F7 /* Build configuration list for PBXNativeTarget "RandDFitTests" */ = {
			isa = XCConfigurationList;
			buildConfigurations = (
				5979EFB42F11B957005FE7F7 /* Debug */,
				5979EFB52F11B957005FE7F7 /* Release */,
			);
			defaultConfigurationIsVisible = 0;
			defaultConfigurationName = Release;
		};
		5979EFB62F11B957005FE7F7 /* Build configuration list for PBXNativeTarget "RandDFitUITests" */ = {
			isa = XCConfigurationList;
			buildConfigurations = (
				5979EFB72F11B957005FE7F7 /* Debug */,
				5979EFB82F11B957005FE7F7 /* Release */,
			);
			defaultConfigurationIsVisible = 0;
			defaultConfigurationName = Release;
		};
/* End XCConfigurationList section */
	};
	rootObject = 5979EF852F11B955005FE7F7 /* Project object */;
}
