// !$*UTF8*$!
{
	archiveVersion = 1;
	classes = {
	};
	objectVersion = 56;
	objects = {

/* Begin PBXBuildFile section */
		08386D3BE865670F8A03AD4A /* DesignDetailView.swift in Sources */ = {isa = PBXBuildFile; fileRef = 9E2199992B7BBAA09D3B3A00 /* DesignDetailView.swift */; };
		205BF87372A9E6C257C196FC /* Gate2GoSettings.swift in Sources */ = {isa = PBXBuildFile; fileRef = 83CD5FE4174B08D66DFC8B8E /* Gate2GoSettings.swift */; };
		24086DF06F8702EB9BFF8FDA /* Item.swift in Sources */ = {isa = PBXBuildFile; fileRef = 25315BE67162E628BD5D619D /* Item.swift */; };
		3A9CE4A2201AC15E229ADA72 /* RandDFitUITestsLaunchTests.swift in Sources */ = {isa = PBXBuildFile; fileRef = 13ED490F6DD1BE4EFFBAB052 /* RandDFitUITestsLaunchTests.swift */; };
		3C60903ED8123F443724F62B /* SettingsView.swift in Sources */ = {isa = PBXBuildFile; fileRef = 87B604D0CA83780F508BC767 /* SettingsView.swift */; };
		4C85D3D7492B7E5DFD9764E5 /* Gate2GoModels.swift in Sources */ = {isa = PBXBuildFile; fileRef = 60DDCD8EA34F8B43C38F3B81 /* Gate2GoModels.swift */; };
		4DDE759FF3BA9F8D63DE131F /* RandDFitApp.swift in Sources */ = {isa = PBXBuildFile; fileRef = 9037882E4F8FA3226905F849 /* RandDFitApp.swift */; };
		51BC1B773C597779892C2102 /* MoneyFormatting.swift in Sources */ = {isa = PBXBuildFile; fileRef = 8601BC16C7D759B20CFC916F /* MoneyFormatting.swift */; };
		64976C46B90ADA65DD1A7880 /* ContentView.swift in Sources */ = {isa = PBXBuildFile; fileRef = A90D58AD4980E572BDDA1301 /* ContentView.swift */; };
		659603F064729193F11796BD /* DesignGalleryView.swift in Sources */ = {isa = PBXBuildFile; fileRef = 234811788941F480BF1D4364 /* DesignGalleryView.swift */; };
		6AF4912D5E8672BD6926D726 /* PaywallView.swift in Sources */ = {isa = PBXBuildFile; fileRef = 31C86BCBDD72D47449B208FA /* PaywallView.swift */; };
		7B0ADD72C295C53EB9570667 /* NewProjectView.swift in Sources */ = {isa = PBXBuildFile; fileRef = BCDE358F062F4570C51D8A67 /* NewProjectView.swift */; };
		8419066A1FB3CC2282027452 /* Assets.xcassets in Resources */ = {isa = PBXBuildFile; fileRef = 2B219BFE02C6F21C2592F865 /* Assets.xcassets */; };
		B624D46EA510D7A44FF66CE0 /* OnboardingView.swift in Sources */ = {isa = PBXBuildFile; fileRef = 4DB9C44783610320F3822BF9 /* OnboardingView.swift */; };
		B8580AD77FC99066B63F8966 /* VisualCard.swift in Sources */ = {isa = PBXBuildFile; fileRef = 4C3E9C463F3E1431254642B9 /* VisualCard.swift */; };
		CC044724DEF70FF96711921F /* ProjectWorkspaceView.swift in Sources */ = {isa = PBXBuildFile; fileRef = D1D8E5601051F853140E669B /* ProjectWorkspaceView.swift */; };
		D21427DE2FB305CC12F11DF2 /* PricingCalculator.swift in Sources */ = {isa = PBXBuildFile; fileRef = 541F997C93FFF9428AF8C61F /* PricingCalculator.swift */; };
		E435A13BABCD210E7FA5C4AB /* FileStore.swift in Sources */ = {isa = PBXBuildFile; fileRef = 2C66C6E23CC074C99EB8FE63 /* FileStore.swift */; };
		E72EE1B948D9344B45C561D5 /* RandDFitTests.swift in Sources */ = {isa = PBXBuildFile; fileRef = 0FC5C254592D0F40A2C78312 /* RandDFitTests.swift */; };
		EBB1A349E896F7187FD25BEE /* ProjectsListView.swift in Sources */ = {isa = PBXBuildFile; fileRef = 35E2E8B435C4F0D2A7198336 /* ProjectsListView.swift */; };
		993F7424532D6F5C8028AE15 /* RandDFitUITests.swift in Sources */ = {isa = PBXBuildFile; fileRef = 50AC0A6CCB9A0D1E5D0338B8 /* RandDFitUITests.swift */; };
/* End PBXBuildFile section */

/* Begin PBXContainerItemProxy section */
		5979EF9D2F11B957005FE7F7 /* PBXContainerItemProxy */ = {
			isa = PBXContainerItemProxy;
			containerPortal = 5979EF852F11B955005FE7F7 /* Project object */;
			proxyType = 1;
			remoteGlobalIDString = 5979EF8C2F11B955005FE7F7;
			remoteInfo = RandDFit;
		};
		5979EFA72F11B957005FE7F7 /* PBXContainerItemProxy */ = {
			isa = PBXContainerItemProxy;
			containerPortal = 5979EF852F11B955005FE7F7 /* Project object */;
			proxyType = 1;
			remoteGlobalIDString = 5979EF8C2F11B955005FE7F7;
			remoteInfo = RandDFit;
		};
/* End PBXContainerItemProxy section */

/* Begin PBXFileReference section */
		0FC5C254592D0F40A2C78312 /* RandDFitTests.swift */ = {isa = PBXFileReference; lastKnownFileType = sourcecode.swift; path = RandDFitTests.swift; sourceTree = "<group>"; };
		13ED490F6DD1BE4EFFBAB052 /* RandDFitUITestsLaunchTests.swift */ = {isa = PBXFileReference; lastKnownFileType = sourcecode.swift; path = RandDFitUITestsLaunchTests.swift; sourceTree = "<group>"; };
		234811788941F480BF1D4364 /* DesignGalleryView.swift */ = {isa = PBXFileReference; lastKnownFileType = sourcecode.swift; path = DesignGalleryView.swift; sourceTree = "<group>"; };
		25315BE67162E628BD5D619D /* Item.swift */ = {isa = PBXFileReference; lastKnownFileType = sourcecode.swift; path = Item.swift; sourceTree = "<group>"; };
		2B219BFE02C6F21C2592F865 /* Assets.xcassets */ = {isa = PBXFileReference; lastKnownFileType = folder.assetcatalog; path = Assets.xcassets; sourceTree = "<group>"; };
		2C66C6E23CC074C99EB8FE63 /* FileStore.swift */ = {isa = PBXFileReference; lastKnownFileType = sourcecode.swift; path = FileStore.swift; sourceTree = "<group>"; };
		31C86BCBDD72D47449B208FA /* PaywallView.swift */ = {isa = PBXFileReference; lastKnownFileType = sourcecode.swift; path = PaywallView.swift; sourceTree = "<group>"; };
		35E2E8B435C4F0D2A7198336 /* ProjectsListView.swift */ = {isa = PBXFileReference; lastKnownFileType = sourcecode.swift; path = ProjectsListView.swift; sourceTree = "<group>"; };
		4C3E9C463F3E1431254642B9 /* VisualCard.swift */ = {isa = PBXFileReference; lastKnownFileType = sourcecode.swift; path = VisualCard.swift; sourceTree = "<group>"; };
		4DB9C44783610320F3822BF9 /* OnboardingView.swift */ = {isa = PBXFileReference; lastKnownFileType = sourcecode.swift; path = OnboardingView.swift; sourceTree = "<group>"; };
		50AC0A6CCB9A0D1E5D0338B8 /* RandDFitUITests.swift */ = {isa = PBXFileReference; lastKnownFileType = sourcecode.swift; path = RandDFitUITests.swift; sourceTree = "<group>"; };
		541F997C93FFF9428AF8C61F /* PricingCalculator.swift */ = {isa = PBXFileReference; lastKnownFileType = sourcecode.swift; path = PricingCalculator.swift; sourceTree = "<group>"; };
		60DDCD8EA34F8B43C38F3B81 /* Gate2GoModels.swift */ = {isa = PBXFileReference; lastKnownFileType = sourcecode.swift; path = Gate2GoModels.swift; sourceTree = "<group>"; };
		83CD5FE4174B08D66DFC8B8E /* Gate2GoSettings.swift */ = {isa = PBXFileReference; lastKnownFileType = sourcecode.swift; path = Gate2GoSettings.swift; sourceTree = "<group>"; };
		8601BC16C7D759B20CFC916F /* MoneyFormatting.swift */ = {isa = PBXFileReference; lastKnownFileType = sourcecode.swift; path = MoneyFormatting.swift; sourceTree = "<group>"; };
		87B604D0CA83780F508BC767 /* SettingsView.swift */ = {isa = PBXFileReference; lastKnownFileType = sourcecode.swift; path = SettingsView.swift; sourceTree = "<group>"; };
		9037882E4F8FA3226905F849 /* RandDFitApp.swift */ = {isa = PBXFileReference; lastKnownFileType = sourcecode.swift; path = RandDFitApp.swift; sourceTree = "<group>"; };
		9E2199992B7BBAA09D3B3A00 /* DesignDetailView.swift */ = {isa = PBXFileReference; lastKnownFileType = sourcecode.swift; path = DesignDetailView.swift; sourceTree = "<group>"; };
		A90D58AD4980E572BDDA1301 /* ContentView.swift */ = {isa = PBXFileReference; lastKnownFileType = sourcecode.swift; path = ContentView.swift; sourceTree = "<group>"; };
		BCDE358F062F4570C51D8A67 /* NewProjectView.swift */ = {isa = PBXFileReference; lastKnownFileType = sourcecode.swift; path = NewProjectView.swift; sourceTree = "<group>"; };
		D1D8E5601051F853140E669B /* ProjectWorkspaceView.swift */ = {isa = PBXFileReference; lastKnownFileType = sourcecode.swift; path = ProjectWorkspaceView.swift; sourceTree = "<group>"; };
		5979EF8D2F11B955005FE7F7 /* RandDFit.app */ = {isa = PBXFileReference; explicitFileType = wrapper.application; includeInIndex = 0; path = RandDFit.app; sourceTree = BUILT_PRODUCTS_DIR; };
		5979EF9C2F11B957005FE7F7 /* RandDFitTests.xctest */ = {isa = PBXFileReference; explicitFileType = wrapper.cfbundle; includeInIndex = 0; path = RandDFitTests.xctest; sourceTree = BUILT_PRODUCTS_DIR; };
		5979EFA62F11B957005FE7F7 /* RandDFitUITests.xctest */ = {isa = PBXFileReference; explicitFileType = wrapper.cfbundle; includeInIndex = 0; path = RandDFitUITests.xctest; sourceTree = BUILT_PRODUCTS_DIR; };
/* End PBXFileReference section */

/* Begin PBXFrameworksBuildPhase section */
		5979EF8A2F11B955005FE7F7 /* Frameworks */ = {
			isa = PBXFrameworksBuildPhase;
			buildActionMask = 2147483647;
			files = (
			);
			runOnlyForDeploymentPostprocessing = 0;
		};
		5979EF992F11B957005FE7F7 /* Frameworks */ = {
			isa = PBXFrameworksBuildPhase;
			buildActionMask = 2147483647;
			files = (
			);
			runOnlyForDeploymentPostprocessing = 0;
		};
		5979EFA32F11B957005FE7F7 /* Frameworks */ = {
			isa = PBXFrameworksBuildPhase;
			buildActionMask = 2147483647;
			files = (
			);
			runOnlyForDeploymentPostprocessing = 0;
		};
/* End PBXFrameworksBuildPhase section */

/* Begin PBXGroup section */
		0E97049479E0DA133382A082 /* RandDFitTests */ = {
			isa = PBXGroup;
			children = (
				0FC5C254592D0F40A2C78312 /* RandDFitTests.swift */,
			);
			path = RandDFitTests;
			sourceTree = "<group>";
		};
		5979EF842F11B955005FE7F7 = {
			isa = PBXGroup;
			children = (
				7B16075476DD66FE76135662 /* RandDFit */,
				0E97049479E0DA133382A082 /* RandDFitTests */,
				AA92C6EB88B654B978F41486 /* RandDFitUITests */,
				5979EF8E2F11B955005FE7F7 /* Products */,
			);
			sourceTree = "<group>";
		};
		5979EF8E2F11B955005FE7F7 /* Products */ = {
			isa = PBXGroup;
			children = (
				5979EF8D2F11B955005FE7F7 /* RandDFit.app */,
				5979EF9C2F11B957005FE7F7 /* RandDFitTests.xctest */,
				5979EFA62F11B957005FE7F7 /* RandDFitUITests.xctest */,
			);
			name = Products;
			sourceTree = "<group>";
		};
		7B16075476DD66FE76135662 /* RandDFit */ = {
			isa = PBXGroup;
			children = (
				2B219BFE02C6F21C2592F865 /* Assets.xcassets */,
				A90D58AD4980E572BDDA1301 /* ContentView.swift */,
				9E2199992B7BBAA09D3B3A00 /* DesignDetailView.swift */,
				234811788941F480BF1D4364 /* DesignGalleryView.swift */,
				2C66C6E23CC074C99EB8FE63 /* FileStore.swift */,
				60DDCD8EA34F8B43C38F3B81 /* Gate2GoModels.swift */,
				83CD5FE4174B08D66DFC8B8E /* Gate2GoSettings.swift */,
				25315BE67162E628BD5D619D /* Item.swift */,
				8601BC16C7D759B20CFC916F /* MoneyFormatting.swift */,
				BCDE358F062F4570C51D8A67 /* NewProjectView.swift */,
				4DB9C44783610320F3822BF9 /* OnboardingView.swift */,
				31C86BCBDD72D47449B208FA /* PaywallView.swift */,
				541F997C93FFF9428AF8C61F /* PricingCalculator.swift */,
				35E2E8B435C4F0D2A7198336 /* ProjectsListView.swift */,
				D1D8E5601051F853140E669B /* ProjectWorkspaceView.swift */,
				9037882E4F8FA3226905F849 /* RandDFitApp.swift */,
				87B604D0CA83780F508BC767 /* SettingsView.swift */,
				4C3E9C463F3E1431254642B9 /* VisualCard.swift */,
			);
			path = RandDFit;
			sourceTree = "<group>";
		};
		AA92C6EB88B654B978F41486 /* RandDFitUITests */ = {
			isa = PBXGroup;
			children = (
				50AC0A6CCB9A0D1E5D0338B8 /* RandDFitUITests.swift */,
				13ED490F6DD1BE4EFFBAB052 /* RandDFitUITestsLaunchTests.swift */,
			);
			path = RandDFitUITests;
			sourceTree = "<group>";
		};
/* End PBXGroup section */

/* Begin PBXNativeTarget section */
		5979EF8C2F11B955005FE7F7 /* RandDFit */ = {
			isa = PBXNativeTarget;
			buildConfigurationList = 5979EFB02F11B957005FE7F7 /* Build configuration list for PBXNativeTarget "RandDFit" */;
			buildPhases = (
				5979EF892F11B955005FE7F7 /* Sources */,
				5979EF8A2F11B955005FE7F7 /* Frameworks */,
				5979EF8B2F11B955005FE7F7 /* Resources */,
			);
			buildRules = (
			);
			dependencies = (
			);
			name = RandDFit;
			packageProductDependencies = (
			);
			productName = RandDFit;
			productReference = 5979EF8D2F11B955005FE7F7 /* RandDFit.app */;
			productType = "com.apple.product-type.application";
		};
		5979EF9B2F11B957005FE7F7 /* RandDFitTests */ = {
			isa = PBXNativeTarget;
			buildConfigurationList = 5979EFB32F11B957005FE7F7 /* Build configuration list for PBXNativeTarget "RandDFitTests" */;
			buildPhases = (
				5979EF982F11B957005FE7F7 /* Sources */,
				5979EF992F11B957005FE7F7 /* Frameworks */,
				5979EF9A2F11B957005FE7F7 /* Resources */,
			);
			buildRules = (
			);
			dependencies = (
				5979EF9E2F11B957005FE7F7 /* PBXTargetDependency */,
			);
			name = RandDFitTests;
			packageProductDependencies = (
			);
			productName = RandDFitTests;
			productReference = 5979EF9C2F11B957005FE7F7 /* RandDFitTests.xctest */;
			productType = "com.apple.product-type.bundle.unit-test";
		};
		5979EFA52F11B957005FE7F7 /* RandDFitUITests */ = {
			isa = PBXNativeTarget;
			buildConfigurationList = 5979EFB62F11B957005FE7F7 /* Build configuration list for PBXNativeTarget "RandDFitUITests" */;
			buildPhases = (
				5979EFA22F11B957005FE7F7 /* Sources */,
				5979EFA32F11B957005FE7F7 /* Frameworks */,
				5979EFA42F11B957005FE7F7 /* Resources */,
			);
			buildRules = (
			);
			dependencies = (
				5979EFA82F11B957005FE7F7 /* PBXTargetDependency */,
			);
			name = RandDFitUITests;
			packageProductDependencies = (
			);
			productName = RandDFitUITests;
			productReference = 5979EFA62F11B957005FE7F7 /* RandDFitUITests.xctest */;
			productType = "com.apple.product-type.bundle.ui-testing";
		};
/* End PBXNativeTarget section */

/* Begin PBXProject section */
		5979EF852F11B955005FE7F7 /* Project object */ = {
			isa = PBXProject;
			attributes = {
				BuildIndependentTargetsInParallel = 1;
				LastSwiftUpdateCheck = 2620;
				LastUpgradeCheck = 2620;
				TargetAttributes = {
					5979EF8C2F11B955005FE7F7 = {
						CreatedOnToolsVersion = 26.2;
					};
					5979EF9B2F11B957005FE7F7 = {
						CreatedOnToolsVersion = 26.2;
						TestTargetID = 5979EF8C2F11B955005FE7F7;
					};
					5979EFA52F11B957005FE7F7 = {
						CreatedOnToolsVersion = 26.2;
						TestTargetID = 5979EF8C2F11B955005FE7F7;
					};
				};
			};
			buildConfigurationList = 5979EF882F11B955005FE7F7 /* Build configuration list for PBXProject "RandDFit" */;
			developmentRegion = en;
			hasScannedForEncodings = 0;
			knownRegions = (
				en,
				Base,
			);
			mainGroup = 5979EF842F11B955005FE7F7;
			minimizedProjectReferenceProxies = 1;
			preferredProjectObjectVersion = 56;
			productRefGroup = 5979EF8E2F11B955005FE7F7 /* Products */;
			projectDirPath = "";
			projectRoot = "";
			targets = (
				5979EF8C2F11B955005FE7F7 /* RandDFit */,
				5979EF9B2F11B957005FE7F7 /* RandDFitTests */,
				5979EFA52F11B957005FE7F7 /* RandDFitUITests */,
			);
		};
/* End PBXProject section */

/* Begin PBXResourcesBuildPhase section */
		5979EF8B2F11B955005FE7F7 /* Resources */ = {
			isa = PBXResourcesBuildPhase;
			buildActionMask = 2147483647;
			files = (
				8419066A1FB3CC2282027452 /* Assets.xcassets in Resources */,
			);
			runOnlyForDeploymentPostprocessing = 0;
		};
		5979EF9A2F11B957005FE7F7 /* Resources */ = {
			isa = PBXResourcesBuildPhase;
			buildActionMask = 2147483647;
			files = (
			);
			runOnlyForDeploymentPostprocessing = 0;
		};
		5979EFA42F11B957005FE7F7 /* Resources */ = {
			isa = PBXResourcesBuildPhase;
			buildActionMask = 2147483647;
			files = (
			);
			runOnlyForDeploymentPostprocessing = 0;
		};
/* End PBXResourcesBuildPhase section */

/* Begin PBXSourcesBuildPhase section */
		5979EF892F11B955005FE7F7 /* Sources */ = {
			isa = PBXSourcesBuildPhase;
			buildActionMask = 2147483647;
			files = (
				64976C46B90ADA65DD1A7880 /* ContentView.swift in Sources */,
				08386D3BE865670F8A03AD4A /* DesignDetailView.swift in Sources */,
				659603F064729193F11796BD /* DesignGalleryView.swift in Sources */,
				E435A13BABCD210E7FA5C4AB /* FileStore.swift in Sources */,
				4C85D3D7492B7E5DFD9764E5 /* Gate2GoModels.swift in Sources */,
				205BF87372A9E6C257C196FC /* Gate2GoSettings.swift in Sources */,
				24086DF06F8702EB9BFF8FDA /* Item.swift in Sources */,
				51BC1B773C597779892C2102 /* MoneyFormatting.swift in Sources */,
				7B0ADD72C295C53EB9570667 /* NewProjectView.swift in Sources */,
				B624D46EA510D7A44FF66CE0 /* OnboardingView.swift in Sources */,
				6AF4912D5E8672BD6926D726 /* PaywallView.swift in Sources */,
				D21427DE2FB305CC12F11DF2 /* PricingCalculator.swift in Sources */,
				EBB1A349E896F7187FD25BEE /* ProjectsListView.swift in Sources */,
				CC044724DEF70FF96711921F /* ProjectWorkspaceView.swift in Sources */,
				4DDE759FF3BA9F8D63DE131F /* RandDFitApp.swift in Sources */,
				3C60903ED8123F443724F62B /* SettingsView.swift in Sources */,
				B8580AD77FC99066B63F8966 /* VisualCard.swift in Sources */,
			);
			runOnlyForDeploymentPostprocessing = 0;
		};
		5979EF982F11B957005FE7F7 /* Sources */ = {
			isa = PBXSourcesBuildPhase;
			buildActionMask = 2147483647;
			files = (
				E72EE1B948D9344B45C561D5 /* RandDFitTests.swift in Sources */,
			);
			runOnlyForDeploymentPostprocessing = 0;
		};
		5979EFA22F11B957005FE7F7 /* Sources */ = {
			isa = PBXSourcesBuildPhase;
			buildActionMask = 2147483647;
			files = (
				993F7424532D6F5C8028AE15 /* RandDFitUITests.swift in Sources */,
				3A9CE4A2201AC15E229ADA72 /* RandDFitUITestsLaunchTests.swift in Sources */,
			);
			runOnlyForDeploymentPostprocessing = 0;
		};
/* End PBXSourcesBuildPhase section */

/* Begin PBXTargetDependency section */
		5979EF9E2F11B957005FE7F7 /* PBXTargetDependency */ = {
			isa = PBXTargetDependency;
			target = 5979EF8C2F11B955005FE7F7 /* RandDFit */;
			targetProxy = 5979EF9D2F11B957005FE7F7 /* PBXContainerItemProxy */;
		};
		5979EFA82F11B957005FE7F7 /* PBXTargetDependency */ = {
			isa = PBXTargetDependency;
			target = 5979EF8C2F11B955005FE7F7 /* RandDFit */;
			targetProxy = 5979EFA72F11B957005FE7F7 /* PBXContainerItemProxy */;
		};
/* End PBXTargetDependency section */

/* Begin XCBuildConfiguration section */
		5979EFAE2F11B957005FE7F7 /* Debug */ = {
			isa = XCBuildConfiguration;
			buildSettings = {
				ALWAYS_SEARCH_USER_PATHS = NO;
				ASSETCATALOG_COMPILER_GENERATE_SWIFT_ASSET_SYMBOL_EXTENSIONS = YES;
				CLANG_ANALYZER_NONNULL = YES;
				CLANG_ANALYZER_NUMBER_OBJECT_CONVERSION = YES_AGGRESSIVE;
				CLANG_CXX_LANGUAGE_STANDARD = "gnu++20";
				CLANG_ENABLE_MODULES = YES;
				CLANG_ENABLE_OBJC_ARC = YES;
				CLANG_ENABLE_OBJC_WEAK = YES;
				CLANG_WARN_BLOCK_CAPTURE_AUTORELEASING = YES;
				CLANG_WARN_BOOL_CONVERSION = YES;
				CLANG_WARN_COMMA = YES;
				CLANG_WARN_CONSTANT_CONVERSION = YES;
				CLANG_WARN_DEPRECATED_OBJC_IMPLEMENTATIONS = YES;
				CLANG_WARN_DIRECT_OBJC_ISA_USAGE = YES_ERROR;
				CLANG_WARN_DOCUMENTATION_COMMENTS = YES;
				CLANG_WARN_EMPTY_BODY = YES;
				CLANG_WARN_ENUM_CONVERSION = YES;
				CLANG_WARN_INFINITE_RECURSION = YES;
				CLANG_WARN_INT_CONVERSION = YES;
				CLANG_WARN_NON_LITERAL_NULL_CONVERSION = YES;
				CLANG_WARN_OBJC_IMPLICIT_RETAIN_SELF = YES;
				CLANG_WARN_OBJC_LITERAL_CONVERSION = YES;
				CLANG_WARN_OBJC_ROOT_CLASS = YES_ERROR;
				CLANG_WARN_QUOTED_INCLUDE_IN_FRAMEWORK_HEADER = YES;
				CLANG_WARN_RANGE_LOOP_ANALYSIS = YES;
				CLANG_WARN_STRICT_PROTOTYPES = YES;
				CLANG_WARN_SUSPICIOUS_MOVE = YES;
				CLANG_WARN_UNGUARDED_AVAILABILITY = YES_AGGRESSIVE;
				CLANG_WARN_UNREACHABLE_CODE = YES;
				CLANG_WARN__DUPLICATE_METHOD_MATCH = YES;
				COPY_PHASE_STRIP = NO;
				DEBUG_INFORMATION_FORMAT = dwarf;
				DEVELOPMENT_TEAM = 27V86YPW29;
				ENABLE_STRICT_OBJC_MSGSEND = YES;
				ENABLE_TESTABILITY = YES;
				ENABLE_USER_SCRIPT_SANDBOXING = YES;
				GCC_C_LANGUAGE_STANDARD = gnu17;
				GCC_DYNAMIC_NO_PIC = NO;
				GCC_NO_COMMON_BLOCKS = YES;
				GCC_OPTIMIZATION_LEVEL = 0;
				GCC_PREPROCESSOR_DEFINITIONS = (
					"DEBUG=1",
					"$(inherited)",
				);
				GCC_WARN_64_TO_32_BIT_CONVERSION = YES;
				GCC_WARN_ABOUT_RETURN_TYPE = YES_ERROR;
				GCC_WARN_UNDECLARED_SELECTOR = YES;
				GCC_WARN_UNINITIALIZED_AUTOS = YES_AGGRESSIVE;
				GCC_WARN_UNUSED_FUNCTION = YES;
				GCC_WARN_UNUSED_VARIABLE = YES;
				IPHONEOS_DEPLOYMENT_TARGET = 26.2;
				LOCALIZATION_PREFERS_STRING_CATALOGS = YES;
				MTL_ENABLE_DEBUG_INFO = INCLUDE_SOURCE;
				MTL_FAST_MATH = YES;
				ONLY_ACTIVE_ARCH = YES;
				SDKROOT = iphoneos;
				SWIFT_ACTIVE_COMPILATION_CONDITIONS = "DEBUG $(inherited)";
				SWIFT_OPTIMIZATION_LEVEL = "-Onone";
			};
			name = Debug;
		};
		5979EFAF2F11B957005FE7F7 /* Release */ = {
			isa = XCBuildConfiguration;
			buildSettings = {
				ALWAYS_SEARCH_USER_PATHS = NO;
				ASSETCATALOG_COMPILER_GENERATE_SWIFT_ASSET_SYMBOL_EXTENSIONS = YES;
				CLANG_ANALYZER_NONNULL = YES;
				CLANG_ANALYZER_NUMBER_OBJECT_CONVERSION = YES_AGGRESSIVE;
				CLANG_CXX_LANGUAGE_STANDARD = "gnu++20";
				CLANG_ENABLE_MODULES = YES;
				CLANG_ENABLE_OBJC_ARC = YES;
				CLANG_ENABLE_OBJC_WEAK = YES;
				CLANG_WARN_BLOCK_CAPTURE_AUTORELEASING = YES;
				CLANG_WARN_BOOL_CONVERSION = YES;
				CLANG_WARN_COMMA = YES;
				CLANG_WARN_CONSTANT_CONVERSION = YES;
				CLANG_WARN_DEPRECATED_OBJC_IMPLEMENTATIONS = YES;
				CLANG_WARN_DIRECT_OBJC_ISA_USAGE = YES_ERROR;
				CLANG_WARN_DOCUMENTATION_COMMENTS = YES;
				CLANG_WARN_EMPTY_BODY = YES;
				CLANG_WARN_ENUM_CONVERSION = YES;
				CLANG_WARN_INFINITE_RECURSION = YES;
				CLANG_WARN_INT_CONVERSION = YES;
				CLANG_WARN_NON_LITERAL_NULL_CONVERSION = YES;
				CLANG_WARN_OBJC_IMPLICIT_RETAIN_SELF = YES;
				CLANG_WARN_OBJC_LITERAL_CONVERSION = YES;
				CLANG_WARN_OBJC_ROOT_CLASS = YES_ERROR;
				CLANG_WARN_QUOTED_INCLUDE_IN_FRAMEWORK_HEADER = YES;
				CLANG_WARN_RANGE_LOOP_ANALYSIS = YES;
				CLANG_WARN_STRICT_PROTOTYPES = YES;
				CLANG_WARN_SUSPICIOUS_MOVE = YES;
				CLANG_WARN_UNGUARDED_AVAILABILITY = YES_AGGRESSIVE;
				CLANG_WARN_UNREACHABLE_CODE = YES;
				CLANG_WARN__DUPLICATE_METHOD_MATCH = YES;
				COPY_PHASE_STRIP = NO;
				DEBUG_INFORMATION_FORMAT = "dwarf-with-dsym";
				DEVELOPMENT_TEAM = 27V86YPW29;
				ENABLE_NS_ASSERTIONS = NO;
				ENABLE_STRICT_OBJC_MSGSEND = YES;
				ENABLE_USER_SCRIPT_SANDBOXING = YES;
				GCC_C_LANGUAGE_STANDARD = gnu17;
				GCC_NO_COMMON_BLOCKS = YES;
				GCC_WARN_64_TO_32_BIT_CONVERSION = YES;
				GCC_WARN_ABOUT_RETURN_TYPE = YES_ERROR;
				GCC_WARN_UNDECLARED_SELECTOR = YES;
				GCC_WARN_UNINITIALIZED_AUTOS = YES_AGGRESSIVE;
				GCC_WARN_UNUSED_FUNCTION = YES;
				GCC_WARN_UNUSED_VARIABLE = YES;
				IPHONEOS_DEPLOYMENT_TARGET = 26.2;
				LOCALIZATION_PREFERS_STRING_CATALOGS = YES;
				MTL_ENABLE_DEBUG_INFO = NO;
				MTL_FAST_MATH = YES;
				SDKROOT = iphoneos;
				SWIFT_COMPILATION_MODE = wholemodule;
				VALIDATE_PRODUCT = YES;
			};
			name = Release;
		};
		5979EFB12F11B957005FE7F7 /* Debug */ = {
			isa = XCBuildConfiguration;
			buildSettings = {
				ASSETCATALOG_COMPILER_APPICON_NAME = AppIcon;
				ASSETCATALOG_COMPILER_GLOBAL_ACCENT_COLOR_NAME = AccentColor;
				CODE_SIGN_STYLE = Automatic;
				CURRENT_PROJECT_VERSION = 1;
				DEVELOPMENT_TEAM = 27V86YPW29;
				ENABLE_PREVIEWS = YES;
				GENERATE_INFOPLIST_FILE = YES;
				INFOPLIST_KEY_UIApplicationSceneManifest_Generation = YES;
				INFOPLIST_KEY_UIApplicationSupportsIndirectInputEvents = YES;
				INFOPLIST_KEY_UILaunchScreen_Generation = YES;
				INFOPLIST_KEY_UISupportedInterfaceOrientations_iPad = "UIInterfaceOrientationPortrait UIInterfaceOrientationPortraitUpsideDown UIInterfaceOrientationLandscapeLeft UIInterfaceOrientationLandscapeRight";
				INFOPLIST_KEY_UISupportedInterfaceOrientations_iPhone = "UIInterfaceOrientationPortrait UIInterfaceOrientationLandscapeLeft UIInterfaceOrientationLandscapeRight";
				LD_RUNPATH_SEARCH_PATHS = (
					"$(inherited)",
					"@executable_path/Frameworks",
				);
				MARKETING_VERSION = 1.0;
				PRODUCT_BUNDLE_IDENTIFIER = auto.RandDFit;
				PRODUCT_NAME = "$(TARGET_NAME)";
				STRING_CATALOG_GENERATE_SYMBOLS = YES;
				SWIFT_APPROACHABLE_CONCURRENCY = YES;
				SWIFT_DEFAULT_ACTOR_ISOLATION = MainActor;
				SWIFT_EMIT_LOC_STRINGS = YES;
				SWIFT_UPCOMING_FEATURE_MEMBER_IMPORT_VISIBILITY = YES;
				SWIFT_VERSION = 5.0;
				TARGETED_DEVICE_FAMILY = "1,2";
			};
			name = Debug;
		};
		5979EFB22F11B957005FE7F7 /* Release */ = {
			isa = XCBuildConfiguration;
			buildSettings = {
				ASSETCATALOG_COMPILER_APPICON_NAME = AppIcon;
				ASSETCATALOG_COMPILER_GLOBAL_ACCENT_COLOR_NAME = AccentColor;
				CODE_SIGN_STYLE = Automatic;
				CURRENT_PROJECT_VERSION = 1;
				DEVELOPMENT_TEAM = 27V86YPW29;
				ENABLE_PREVIEWS = YES;
				GENERATE_INFOPLIST_FILE = YES;
				INFOPLIST_KEY_UIApplicationSceneManifest_Generation = YES;
				INFOPLIST_KEY_UIApplicationSupportsIndirectInputEvents = YES;
				INFOPLIST_KEY_UILaunchScreen_Generation = YES;
				INFOPLIST_KEY_UISupportedInterfaceOrientations_iPad = "UIInterfaceOrientationPortrait UIInterfaceOrientationPortraitUpsideDown UIInterfaceOrientationLandscapeLeft UIInterfaceOrientationLandscapeRight";
				INFOPLIST_KEY_UISupportedInterfaceOrientations_iPhone = "UIInterfaceOrientationPortrait UIInterfaceOrientationLandscapeLeft UIInterfaceOrientationLandscapeRight";
				LD_RUNPATH_SEARCH_PATHS = (
					"$(inherited)",
					"@executable_path/Frameworks",
				);
				MARKETING_VERSION = 1.0;
				PRODUCT_BUNDLE_IDENTIFIER = auto.RandDFit;
				PRODUCT_NAME = "$(TARGET_NAME)";
				STRING_CATALOG_GENERATE_SYMBOLS = YES;
				SWIFT_APPROACHABLE_CONCURRENCY = YES;
				SWIFT_DEFAULT_ACTOR_ISOLATION = MainActor;
				SWIFT_EMIT_LOC_STRINGS = YES;
				SWIFT_UPCOMING_FEATURE_MEMBER_IMPORT_VISIBILITY = YES;
				SWIFT_VERSION = 5.0;
				TARGETED_DEVICE_FAMILY = "1,2";
			};
			name = Release;
		};
		5979EFB42F11B957005FE7F7 /* Debug */ = {
			isa = XCBuildConfiguration;
			buildSettings = {
				BUNDLE_LOADER = "$(TEST_HOST)";
				CODE_SIGN_STYLE = Automatic;
				CURRENT_PROJECT_VERSION = 1;
				DEVELOPMENT_TEAM = 27V86YPW29;
				GENERATE_INFOPLIST_FILE = YES;
				IPHONEOS_DEPLOYMENT_TARGET = 26.2;
				MARKETING_VERSION = 1.0;
				PRODUCT_BUNDLE_IDENTIFIER = auto.RandDFitTests;
				PRODUCT_NAME = "$(TARGET_NAME)";
				STRING_CATALOG_GENERATE_SYMBOLS = NO;
				SWIFT_APPROACHABLE_CONCURRENCY = YES;
				SWIFT_EMIT_LOC_STRINGS = NO;
				SWIFT_UPCOMING_FEATURE_MEMBER_IMPORT_VISIBILITY = YES;
				SWIFT_VERSION = 5.0;
				TARGETED_DEVICE_FAMILY = "1,2";
				TEST_HOST = "$(BUILT_PRODUCTS_DIR)/RandDFit.app/$(BUNDLE_EXECUTABLE_FOLDER_PATH)/RandDFit";
			};
			name = Debug;
		};
		5979EFB52F11B957005FE7F7 /* Release */ = {
			isa = XCBuildConfiguration;
			buildSettings = {
				BUNDLE_LOADER = "$(TEST_HOST)";
				CODE_SIGN_STYLE = Automatic;
				CURRENT_PROJECT_VERSION = 1;
				DEVELOPMENT_TEAM = 27V86YPW29;
				GENERATE_INFOPLIST_FILE = YES;
				IPHONEOS_DEPLOYMENT_TARGET = 26.2;
				MARKETING_VERSION = 1.0;
				PRODUCT_BUNDLE_IDENTIFIER = auto.RandDFitTests;
				PRODUCT_NAME = "$(TARGET_NAME)";
				STRING_CATALOG_GENERATE_SYMBOLS = NO;
				SWIFT_APPROACHABLE_CONCURRENCY = YES;
				SWIFT_EMIT_LOC_STRINGS = NO;
				SWIFT_UPCOMING_FEATURE_MEMBER_IMPORT_VISIBILITY = YES;
				SWIFT_VERSION = 5.0;
				TARGETED_DEVICE_FAMILY = "1,2";
				TEST_HOST = "$(BUILT_PRODUCTS_DIR)/RandDFit.app/$(BUNDLE_EXECUTABLE_FOLDER_PATH)/RandDFit";
			};
			name = Release;
		};
		5979EFB72F11B957005FE7F7 /* Debug */ = {
			isa = XCBuildConfiguration;
			buildSettings = {
				CODE_SIGN_STYLE = Automatic;
				CURRENT_PROJECT_VERSION = 1;
				DEVELOPMENT_TEAM = 27V86YPW29;
				GENERATE_INFOPLIST_FILE = YES;
				MARKETING_VERSION = 1.0;
				PRODUCT_BUNDLE_IDENTIFIER = auto.RandDFitUITests;
				PRODUCT_NAME = "$(TARGET_NAME)";
				STRING_CATALOG_GENERATE_SYMBOLS = NO;
				SWIFT_APPROACHABLE_CONCURRENCY = YES;
				SWIFT_EMIT_LOC_STRINGS = NO;
				SWIFT_UPCOMING_FEATURE_MEMBER_IMPORT_VISIBILITY = YES;
				SWIFT_VERSION = 5.0;
				TARGETED_DEVICE_FAMILY = "1,2";
				TEST_TARGET_NAME = RandDFit;
			};
			name = Debug;
		};
		5979EFB82F11B957005FE7F7 /* Release */ = {
			isa = XCBuildConfiguration;
			buildSettings = {
				CODE_SIGN_STYLE = Automatic;
				CURRENT_PROJECT_VERSION = 1;
				DEVELOPMENT_TEAM = 27V86YPW29;
				GENERATE_INFOPLIST_FILE = YES;
				MARKETING_VERSION = 1.0;
				PRODUCT_BUNDLE_IDENTIFIER = auto.RandDFitUITests;
				PRODUCT_NAME = "$(TARGET_NAME)";
				STRING_CATALOG_GENERATE_SYMBOLS = NO;
				SWIFT_APPROACHABLE_CONCURRENCY = YES;
				SWIFT_EMIT_LOC_STRINGS = NO;
				SWIFT_UPCOMING_FEATURE_MEMBER_IMPORT_VISIBILITY = YES;
				SWIFT_VERSION = 5.0;
				TARGETED_DEVICE_FAMILY = "1,2";
				TEST_TARGET_NAME = RandDFit;
			};
			name = Release;
		};
/* End XCBuildConfiguration section */

/* Begin XCConfigurationList section */
		5979EF882F11B955005FE7F7 /* Build configuration list for PBXProject "RandDFit" */ = {
			isa = XCConfigurationList;
			buildConfigurations = (
				5979EFAE2F11B957005FE7F7 /* Debug */,
				5979EFAF2F11B957005FE7F7 /* Release */,
			);
			defaultConfigurationIsVisible = 0;
			defaultConfigurationName = Release;
		};
		5979EFB02F11B957005FE7F7 /* Build configuration list for PBXNativeTarget "RandDFit" */ = {
			isa = XCConfigurationList;
			buildConfigurations = (
				5979EFB12F11B957005FE7F7 /* Debug */,
				5979EFB22F11B957005FE7F7 /* Release */,
			);
			defaultConfigurationIsVisible = 0;
			defaultConfigurationName = Release;
		};
		5979EFB32F11B957005FE7F7 /* Build configuration list for PBXNativeTarget "RandDFitTests" */ = {
			isa = XCConfigurationList;
			buildConfigurations = (
				5979EFB42F11B957005FE7F7 /* Debug */,
				5979EFB52F11B957005FE7F7 /* Release */,
			);
			defaultConfigurationIsVisible = 0;
			defaultConfigurationName = Release;
		};
		5979EFB62F11B957005FE7F7 /* Build configuration list for PBXNativeTarget "RandDFitUITests" */ = {
			isa = XCConfigurationList;
			buildConfigurations = (
				5979EFB72F11B957005FE7F7 /* Debug */,
				5979EFB82F11B957005FE7F7 /* Release */,
			);
			defaultConfigurationIsVisible = 0;
			defaultConfigurationName = Release;
		};
/* End XCConfigurationList section */
	};
	rootObject = 5979EF852F11B955005FE7F7 /* Project object */;
}
